PODS:
  - AFNetworking (3.2.0):
    - AFNetworking/NSURLSession (= 3.2.0)
    - AFNetworking/Reachability (= 3.2.0)
    - AFNetworking/Security (= 3.2.0)
    - AFNetworking/Serialization (= 3.2.0)
    - AFNetworking/UIKit (= 3.2.0)
  - AFNetworking/NSURLSession (3.2.0):
    - AFNetworking/Reachability
    - AFNetworking/Security
    - AFNetworking/Serialization
  - AFNetworking/Reachability (3.2.0)
  - AFNetworking/Security (3.2.0)
  - AFNetworking/Serialization (3.2.0)
  - AFNetworking/UIKit (3.2.0):
    - AFNetworking/NSURLSession
  - CDZPicker (1.0.1)
  - TFHpple (2.0.0)

DEPENDENCIES:
  - AFNetworking (~> 3.2.0)
  - CDZPicker (~> 1.0.1)
  - TFHpple (~> 2.0.0)

SPEC CHECKSUMS:
  AFNetworking: 8ac6017b94ea105479f7776e5288e48ae9c59bb4
  CDZPicker: 845b279c25ea10846ed7c4d438a82f5aa991582c
  TFHpple: a916fe0799eb30aa29b2670d14d5868cdd3a5b81

PODFILE CHECKSUM: 894154acb70c329c6825e0364287fc01b4637641

COCOAPODS: 1.4.0
